<?xml version="1.0" encoding="utf-8"?>
<Project ToolsVersion="4.0" xmlns="http://schemas.microsoft.com/developer/msbuild/2003">
  <ItemGroup>
    <Filter Include="Source Files">
      <UniqueIdentifier>{4FC737F1-C7A5-4376-A066-2A32D752A2FF}</UniqueIdentifier>
      <Extensions>cpp;c;cc;cxx;c++;cppm;ixx;def;odl;idl;hpj;bat;asm;asmx</Extensions>
    </Filter>
    <Filter Include="Header Files">
      <UniqueIdentifier>{93995380-89BD-4b04-88EB-625FBE52EBFB}</UniqueIdentifier>
      <Extensions>h;hh;hpp;hxx;h++;hm;inl;inc;ipp;xsd</Extensions>
    </Filter>
    <Filter Include="Resource Files">
      <UniqueIdentifier>{67DA6AB6-F800-4c08-8B7A-83BB121AAD01}</UniqueIdentifier>
      <Extensions>rc;ico;cur;bmp;dlg;rc2;rct;bin;rgs;gif;jpg;jpeg;jpe;resx;tiff;tif;png;wav;mfcribbon-ms</Extensions>
    </Filter>
    <Filter Include="Header Files\Activation">
      <UniqueIdentifier>{c3f091a7-b1bb-4e55-8bcf-550778232933}</UniqueIdentifier>
    </Filter>
    <Filter Include="Header Files\Callback">
      <UniqueIdentifier>{0b390abd-4fd3-4408-acad-162da384249d}</UniqueIdentifier>
    </Filter>
    <Filter Include="Header Files\Layer">
      <UniqueIdentifier>{ef254c5f-cdb0-44d8-a562-c00f7b18af9b}</UniqueIdentifier>
    </Filter>
    <Filter Include="Header Files\Optimizer">
      <UniqueIdentifier>{de4cf903-5051-4e2f-a185-f17f86e99f7d}</UniqueIdentifier>
    </Filter>
    <Filter Include="Header Files\Output">
      <UniqueIdentifier>{5ffee656-c6ac-4d11-bb0a-f2aa250e68e2}</UniqueIdentifier>
    </Filter>
    <Filter Include="Header Files\Utils">
      <UniqueIdentifier>{dbfbf5e1-c2d4-4840-91c6-e7169beb7f10}</UniqueIdentifier>
    </Filter>
    <Filter Include="Header Files\External">
      <UniqueIdentifier>{d71a1c96-759d-4336-bbc3-9eed37efbd95}</UniqueIdentifier>
    </Filter>
  </ItemGroup>
  <ItemGroup>
    <ClCompile Include="main.cpp">
      <Filter>Source Files</Filter>
    </ClCompile>
    <ClCompile Include="Utils\FindMax.h">
      <Filter>Header Files\Utils</Filter>
    </ClCompile>
    <ClCompile Include="Activation\Indentity.h">
      <Filter>Header Files\Activation</Filter>
    </ClCompile>
  </ItemGroup>
  <ItemGroup>
    <ClInclude Include="Callback.h">
      <Filter>Header Files</Filter>
    </ClInclude>
    <ClInclude Include="Config.h">
      <Filter>Header Files</Filter>
    </ClInclude>
    <ClInclude Include="Layer.h">
      <Filter>Header Files</Filter>
    </ClInclude>
    <ClInclude Include="MiniDNN.h">
      <Filter>Header Files</Filter>
    </ClInclude>
    <ClInclude Include="Network.h">
      <Filter>Header Files</Filter>
    </ClInclude>
    <ClInclude Include="Optimizer.h">
      <Filter>Header Files</Filter>
    </ClInclude>
    <ClInclude Include="Output.h">
      <Filter>Header Files</Filter>
    </ClInclude>
    <ClInclude Include="RNG.h">
      <Filter>Header Files</Filter>
    </ClInclude>
    <ClInclude Include="Layer\FullyConnected.h">
      <Filter>Header Files\Layer</Filter>
    </ClInclude>
    <ClInclude Include="Layer\MaxPooling.h">
      <Filter>Header Files\Layer</Filter>
    </ClInclude>
    <ClInclude Include="Utils\Random.h">
      <Filter>Header Files\Utils</Filter>
    </ClInclude>
    <ClInclude Include="Utils\IO.h">
      <Filter>Header Files\Utils</Filter>
    </ClInclude>
    <ClInclude Include="Utils\Enum.h">
      <Filter>Header Files\Utils</Filter>
    </ClInclude>
    <ClInclude Include="Layer\Convolutional.h">
      <Filter>Header Files\Layer</Filter>
    </ClInclude>
    <ClInclude Include="Utils\Convolution.h">
      <Filter>Header Files\Utils</Filter>
    </ClInclude>
    <ClInclude Include="Activation\ReLU.h">
      <Filter>Header Files\Activation</Filter>
    </ClInclude>
    <ClInclude Include="Activation\Sigmoid.h">
      <Filter>Header Files\Activation</Filter>
    </ClInclude>
    <ClInclude Include="Activation\Softmax.h">
      <Filter>Header Files\Activation</Filter>
    </ClInclude>
    <ClInclude Include="Activation\Tanh.h">
      <Filter>Header Files\Activation</Filter>
    </ClInclude>
    <ClInclude Include="Activation\Mish.h">
      <Filter>Header Files\Activation</Filter>
    </ClInclude>
  </ItemGroup>
  <ItemGroup>
    <None Include=".gitattributes" />
    <None Include=".gitignore" />
    <None Include="README.md" />
  </ItemGroup>
  <ItemGroup>
    <Text Include="LICENSE.txt" />
  </ItemGroup>
</Project>